
Microsoft Visual Studio Solution File, Format Version 12.00
# Visual Studio Version 17
VisualStudioVersion = 17.2.32616.157
MinimumVisualStudioVersion = 10.0.40219.1
Project("{FAE04EC0-301F-11D3-BF4B-00C04F79EFBC}") = "Compression", "Compression\Compression.csproj", "{D642857D-6C1F-4720-8FD0-B3A36ADC0C7D}"
EndProject
Global
	GlobalSection(SolutionConfigurationPlatforms) = preSolution
		Debug|Any CPU = Debug|Any CPU
		Release|Any CPU = Release|Any CPU
	EndGlobalSection
	GlobalSection(ProjectConfigurationPlatforms) = postSolution
		{D642857D-6C1F-4720-8FD0-B3A36ADC0C7D}.Debug|Any CPU.ActiveCfg = Debug|Any CPU
		{D642857D-6C1F-4720-8FD0-B3A36ADC0C7D}.Debug|Any CPU.Build.0 = Debug|Any CPU
		{D642857D-6C1F-4720-8FD0-B3A36ADC0C7D}.Release|Any CPU.ActiveCfg = Release|Any CPU
		{D642857D-6C1F-4720-8FD0-B3A36ADC0C7D}.Release|Any CPU.Build.0 = Release|Any CPU
	EndGlobalSection
	GlobalSection(SolutionProperties) = preSolution
		HideSolutionNode = FALSE
	EndGlobalSection
	GlobalSection(ExtensibilityGlobals) = postSolution
		SolutionGuid = {AAD5293D-7B98-41D8-AD8C-0BD363FB4450}
	EndGlobalSection
EndGlobal
